// !$*UTF8*$!
{
	archiveVersion = 1;
	classes = {
	};
	objectVersion = 56;
	objects = {

/* Begin PBXBuildFile section */
		40047A992AA4D3CB007D0816 /* MoneyTrails_SwiftUIApp.swift in Sources */ = {isa = PBXBuildFile; fileRef = 40047A982AA4D3CB007D0816 /* MoneyTrails_SwiftUIApp.swift */; };
		40047A9B2AA4D3CB007D0816 /* ContentView.swift in Sources */ = {isa = PBXBuildFile; fileRef = 40047A9A2AA4D3CB007D0816 /* ContentView.swift */; };
		40047A9D2AA4D3CC007D0816 /* Assets.xcassets in Resources */ = {isa = PBXBuildFile; fileRef = 40047A9C2AA4D3CC007D0816 /* Assets.xcassets */; };
		40047AA02AA4D3CC007D0816 /* Preview Assets.xcassets in Resources */ = {isa = PBXBuildFile; fileRef = 40047A9F2AA4D3CC007D0816 /* Preview Assets.xcassets */; };
		402FD1EF2AA5F89200C344EB /* LoginViewModel.swift in Sources */ = {isa = PBXBuildFile; fileRef = 402FD1EE2AA5F89200C344EB /* LoginViewModel.swift */; };
		402FD1F12AA5FECD00C344EB /* RegisterView.swift in Sources */ = {isa = PBXBuildFile; fileRef = 402FD1F02AA5FECD00C344EB /* RegisterView.swift */; };
		402FD1F52AA6015300C344EB /* Dashboard.swift in Sources */ = {isa = PBXBuildFile; fileRef = 402FD1F42AA6015200C344EB /* Dashboard.swift */; };
		402FD1F72AA6051700C344EB /* Onboarding.swift in Sources */ = {isa = PBXBuildFile; fileRef = 402FD1F62AA6051700C344EB /* Onboarding.swift */; };
		404CBE912AA7297C00C90F3C /* ForgotPasswordView.swift in Sources */ = {isa = PBXBuildFile; fileRef = 404CBE902AA7297C00C90F3C /* ForgotPasswordView.swift */; };
		40A93EB42AA4D7A20047E631 /* LoginView.swift in Sources */ = {isa = PBXBuildFile; fileRef = 40A93EB32AA4D7A20047E631 /* LoginView.swift */; };
/* End PBXBuildFile section */

/* Begin PBXFileReference section */
		40047A952AA4D3CB007D0816 /* MoneyTrails_SwiftUI.app */ = {isa = PBXFileReference; explicitFileType = wrapper.application; includeInIndex = 0; path = MoneyTrails_SwiftUI.app; sourceTree = BUILT_PRODUCTS_DIR; };
		40047A982AA4D3CB007D0816 /* MoneyTrails_SwiftUIApp.swift */ = {isa = PBXFileReference; lastKnownFileType = sourcecode.swift; path = MoneyTrails_SwiftUIApp.swift; sourceTree = "<group>"; };
		40047A9A2AA4D3CB007D0816 /* ContentView.swift */ = {isa = PBXFileReference; lastKnownFileType = sourcecode.swift; path = ContentView.swift; sourceTree = "<group>"; };
		40047A9C2AA4D3CC007D0816 /* Assets.xcassets */ = {isa = PBXFileReference; lastKnownFileType = folder.assetcatalog; path = Assets.xcassets; sourceTree = "<group>"; };
		40047A9F2AA4D3CC007D0816 /* Preview Assets.xcassets */ = {isa = PBXFileReference; lastKnownFileType = folder.assetcatalog; path = "Preview Assets.xcassets"; sourceTree = "<group>"; };
		402FD1EE2AA5F89200C344EB /* LoginViewModel.swift */ = {isa = PBXFileReference; lastKnownFileType = sourcecode.swift; path = LoginViewModel.swift; sourceTree = "<group>"; };
		402FD1F02AA5FECD00C344EB /* RegisterView.swift */ = {isa = PBXFileReference; lastKnownFileType = sourcecode.swift; path = RegisterView.swift; sourceTree = "<group>"; };
		402FD1F42AA6015200C344EB /* Dashboard.swift */ = {isa = PBXFileReference; lastKnownFileType = sourcecode.swift; path = Dashboard.swift; sourceTree = "<group>"; };
		402FD1F62AA6051700C344EB /* Onboarding.swift */ = {isa = PBXFileReference; lastKnownFileType = sourcecode.swift; path = Onboarding.swift; sourceTree = "<group>"; };
		404CBE902AA7297C00C90F3C /* ForgotPasswordView.swift */ = {isa = PBXFileReference; lastKnownFileType = sourcecode.swift; path = ForgotPasswordView.swift; sourceTree = "<group>"; };
		40A93EB32AA4D7A20047E631 /* LoginView.swift */ = {isa = PBXFileReference; lastKnownFileType = sourcecode.swift; path = LoginView.swift; sourceTree = "<group>"; };
/* End PBXFileReference section */

/* Begin PBXFrameworksBuildPhase section */
		40047A922AA4D3CB007D0816 /* Frameworks */ = {
			isa = PBXFrameworksBuildPhase;
			buildActionMask = 2147483647;
			files = (
			);
			runOnlyForDeploymentPostprocessing = 0;
		};
/* End PBXFrameworksBuildPhase section */

/* Begin PBXGroup section */
		40047A8C2AA4D3CB007D0816 = {
			isa = PBXGroup;
			children = (
				40047A972AA4D3CB007D0816 /* MoneyTrails_SwiftUI */,
				40047A962AA4D3CB007D0816 /* Products */,
			);
			sourceTree = "<group>";
		};
		40047A962AA4D3CB007D0816 /* Products */ = {
			isa = PBXGroup;
			children = (
				40047A952AA4D3CB007D0816 /* MoneyTrails_SwiftUI.app */,
			);
			name = Products;
			sourceTree = "<group>";
		};
		40047A972AA4D3CB007D0816 /* MoneyTrails_SwiftUI */ = {
			isa = PBXGroup;
			children = (
				40A93EB22AA4D7880047E631 /* ViewModel */,
				40A93EB12AA4D77F0047E631 /* View */,
				40A93EAF2AA4D7690047E631 /* Model */,
				40047A982AA4D3CB007D0816 /* MoneyTrails_SwiftUIApp.swift */,
				40047A9A2AA4D3CB007D0816 /* ContentView.swift */,
				40047A9C2AA4D3CC007D0816 /* Assets.xcassets */,
				40047A9E2AA4D3CC007D0816 /* Preview Content */,
			);
			path = MoneyTrails_SwiftUI;
			sourceTree = "<group>";
		};
		40047A9E2AA4D3CC007D0816 /* Preview Content */ = {
			isa = PBXGroup;
			children = (
				40047A9F2AA4D3CC007D0816 /* Preview Assets.xcassets */,
			);
			path = "Preview Content";
			sourceTree = "<group>";
		};
		40A93EAF2AA4D7690047E631 /* Model */ = {
			isa = PBXGroup;
			children = (
			);
			path = Model;
			sourceTree = "<group>";
		};
		40A93EB12AA4D77F0047E631 /* View */ = {
			isa = PBXGroup;
			children = (
				40A93EB32AA4D7A20047E631 /* LoginView.swift */,
				402FD1F02AA5FECD00C344EB /* RegisterView.swift */,
				402FD1F42AA6015200C344EB /* Dashboard.swift */,
				402FD1F62AA6051700C344EB /* Onboarding.swift */,
				404CBE902AA7297C00C90F3C /* ForgotPasswordView.swift */,
			);
			path = View;
			sourceTree = "<group>";
		};
		40A93EB22AA4D7880047E631 /* ViewModel */ = {
			isa = PBXGroup;
			children = (
				402FD1EE2AA5F89200C344EB /* LoginViewModel.swift */,
			);
			path = ViewModel;
			sourceTree = "<group>";
		};
/* End PBXGroup section */

/* Begin PBXNativeTarget section */
		40047A942AA4D3CB007D0816 /* MoneyTrails_SwiftUI */ = {
			isa = PBXNativeTarget;
			buildConfigurationList = 40047AA32AA4D3CC007D0816 /* Build configuration list for PBXNativeTarget "MoneyTrails_SwiftUI" */;
			buildPhases = (
				40047A912AA4D3CB007D0816 /* Sources */,
				40047A922AA4D3CB007D0816 /* Frameworks */,
				40047A932AA4D3CB007D0816 /* Resources */,
			);
			buildRules = (
			);
			dependencies = (
			);
			name = MoneyTrails_SwiftUI;
			productName = MoneyTrails_SwiftUI;
			productReference = 40047A952AA4D3CB007D0816 /* MoneyTrails_SwiftUI.app */;
			productType = "com.apple.product-type.application";
		};
/* End PBXNativeTarget section */

/* Begin PBXProject section */
		40047A8D2AA4D3CB007D0816 /* Project object */ = {
			isa = PBXProject;
			attributes = {
				BuildIndependentTargetsInParallel = 1;
				LastSwiftUpdateCheck = 1410;
				LastUpgradeCheck = 1410;
				TargetAttributes = {
					40047A942AA4D3CB007D0816 = {
						CreatedOnToolsVersion = 14.1;
					};
				};
			};
			buildConfigurationList = 40047A902AA4D3CB007D0816 /* Build configuration list for PBXProject "MoneyTrails_SwiftUI" */;
			compatibilityVersion = "Xcode 14.0";
			developmentRegion = en;
			hasScannedForEncodings = 0;
			knownRegions = (
				en,
				Base,
			);
			mainGroup = 40047A8C2AA4D3CB007D0816;
			productRefGroup = 40047A962AA4D3CB007D0816 /* Products */;
			projectDirPath = "";
			projectRoot = "";
			targets = (
				40047A942AA4D3CB007D0816 /* MoneyTrails_SwiftUI */,
			);
		};
/* End PBXProject section */

/* Begin PBXResourcesBuildPhase section */
		40047A932AA4D3CB007D0816 /* Resources */ = {
			isa = PBXResourcesBuildPhase;
			buildActionMask = 2147483647;
			files = (
				40047AA02AA4D3CC007D0816 /* Preview Assets.xcassets in Resources */,
				40047A9D2AA4D3CC007D0816 /* Assets.xcassets in Resources */,
			);
			runOnlyForDeploymentPostprocessing = 0;
		};
/* End PBXResourcesBuildPhase section */

/* Begin PBXSourcesBuildPhase section */
		40047A912AA4D3CB007D0816 /* Sources */ = {
			isa = PBXSourcesBuildPhase;
			buildActionMask = 2147483647;
			files = (
				402FD1EF2AA5F89200C344EB /* LoginViewModel.swift in Sources */,
				402FD1F12AA5FECD00C344EB /* RegisterView.swift in Sources */,
				404CBE912AA7297C00C90F3C /* ForgotPasswordView.swift in Sources */,
				40A93EB42AA4D7A20047E631 /* LoginView.swift in Sources */,
				402FD1F72AA6051700C344EB /* Onboarding.swift in Sources */,
				40047A9B2AA4D3CB007D0816 /* ContentView.swift in Sources */,
				402FD1F52AA6015300C344EB /* Dashboard.swift in Sources */,
				40047A992AA4D3CB007D0816 /* MoneyTrails_SwiftUIApp.swift in Sources */,
			);
			runOnlyForDeploymentPostprocessing = 0;
		};
/* End PBXSourcesBuildPhase section */

/* Begin XCBuildConfiguration section */
		40047AA12AA4D3CC007D0816 /* Debug */ = {
			isa = XCBuildConfiguration;
			buildSettings = {
				ALWAYS_SEARCH_USER_PATHS = NO;
				CLANG_ANALYZER_NONNULL = YES;
				CLANG_ANALYZER_NUMBER_OBJECT_CONVERSION = YES_AGGRESSIVE;
				CLANG_CXX_LANGUAGE_STANDARD = "gnu++20";
				CLANG_ENABLE_MODULES = YES;
				CLANG_ENABLE_OBJC_ARC = YES;
				CLANG_ENABLE_OBJC_WEAK = YES;
				CLANG_WARN_BLOCK_CAPTURE_AUTORELEASING = YES;
				CLANG_WARN_BOOL_CONVERSION = YES;
				CLANG_WARN_COMMA = YES;
				CLANG_WARN_CONSTANT_CONVERSION = YES;
				CLANG_WARN_DEPRECATED_OBJC_IMPLEMENTATIONS = YES;
				CLANG_WARN_DIRECT_OBJC_ISA_USAGE = YES_ERROR;
				CLANG_WARN_DOCUMENTATION_COMMENTS = YES;
				CLANG_WARN_EMPTY_BODY = YES;
				CLANG_WARN_ENUM_CONVERSION = YES;
				CLANG_WARN_INFINITE_RECURSION = YES;
				CLANG_WARN_INT_CONVERSION = YES;
				CLANG_WARN_NON_LITERAL_NULL_CONVERSION = YES;
				CLANG_WARN_OBJC_IMPLICIT_RETAIN_SELF = YES;
				CLANG_WARN_OBJC_LITERAL_CONVERSION = YES;
				CLANG_WARN_OBJC_ROOT_CLASS = YES_ERROR;
				CLANG_WARN_QUOTED_INCLUDE_IN_FRAMEWORK_HEADER = YES;
				CLANG_WARN_RANGE_LOOP_ANALYSIS = YES;
				CLANG_WARN_STRICT_PROTOTYPES = YES;
				CLANG_WARN_SUSPICIOUS_MOVE = YES;
				CLANG_WARN_UNGUARDED_AVAILABILITY = YES_AGGRESSIVE;
				CLANG_WARN_UNREACHABLE_CODE = YES;
				CLANG_WARN__DUPLICATE_METHOD_MATCH = YES;
				COPY_PHASE_STRIP = NO;
				DEBUG_INFORMATION_FORMAT = dwarf;
				ENABLE_STRICT_OBJC_MSGSEND = YES;
				ENABLE_TESTABILITY = YES;
				GCC_C_LANGUAGE_STANDARD = gnu11;
				GCC_DYNAMIC_NO_PIC = NO;
				GCC_NO_COMMON_BLOCKS = YES;
				GCC_OPTIMIZATION_LEVEL = 0;
				GCC_PREPROCESSOR_DEFINITIONS = (
					"DEBUG=1",
					"$(inherited)",
				);
				GCC_WARN_64_TO_32_BIT_CONVERSION = YES;
				GCC_WARN_ABOUT_RETURN_TYPE = YES_ERROR;
				GCC_WARN_UNDECLARED_SELECTOR = YES;
				GCC_WARN_UNINITIALIZED_AUTOS = YES_AGGRESSIVE;
				GCC_WARN_UNUSED_FUNCTION = YES;
				GCC_WARN_UNUSED_VARIABLE = YES;
				IPHONEOS_DEPLOYMENT_TARGET = 16.1;
				MTL_ENABLE_DEBUG_INFO = INCLUDE_SOURCE;
				MTL_FAST_MATH = YES;
				ONLY_ACTIVE_ARCH = YES;
				SDKROOT = iphoneos;
				SWIFT_ACTIVE_COMPILATION_CONDITIONS = DEBUG;
				SWIFT_OPTIMIZATION_LEVEL = "-Onone";
			};
			name = Debug;
		};
		40047AA22AA4D3CC007D0816 /* Release */ = {
			isa = XCBuildConfiguration;
			buildSettings = {
				ALWAYS_SEARCH_USER_PATHS = NO;
				CLANG_ANALYZER_NONNULL = YES;
				CLANG_ANALYZER_NUMBER_OBJECT_CONVERSION = YES_AGGRESSIVE;
				CLANG_CXX_LANGUAGE_STANDARD = "gnu++20";
				CLANG_ENABLE_MODULES = YES;
				CLANG_ENABLE_OBJC_ARC = YES;
				CLANG_ENABLE_OBJC_WEAK = YES;
				CLANG_WARN_BLOCK_CAPTURE_AUTORELEASING = YES;
				CLANG_WARN_BOOL_CONVERSION = YES;
				CLANG_WARN_COMMA = YES;
				CLANG_WARN_CONSTANT_CONVERSION = YES;
				CLANG_WARN_DEPRECATED_OBJC_IMPLEMENTATIONS = YES;
				CLANG_WARN_DIRECT_OBJC_ISA_USAGE = YES_ERROR;
				CLANG_WARN_DOCUMENTATION_COMMENTS = YES;
				CLANG_WARN_EMPTY_BODY = YES;
				CLANG_WARN_ENUM_CONVERSION = YES;
				CLANG_WARN_INFINITE_RECURSION = YES;
				CLANG_WARN_INT_CONVERSION = YES;
				CLANG_WARN_NON_LITERAL_NULL_CONVERSION = YES;
				CLANG_WARN_OBJC_IMPLICIT_RETAIN_SELF = YES;
				CLANG_WARN_OBJC_LITERAL_CONVERSION = YES;
				CLANG_WARN_OBJC_ROOT_CLASS = YES_ERROR;
				CLANG_WARN_QUOTED_INCLUDE_IN_FRAMEWORK_HEADER = YES;
				CLANG_WARN_RANGE_LOOP_ANALYSIS = YES;
				CLANG_WARN_STRICT_PROTOTYPES = YES;
				CLANG_WARN_SUSPICIOUS_MOVE = YES;
				CLANG_WARN_UNGUARDED_AVAILABILITY = YES_AGGRESSIVE;
				CLANG_WARN_UNREACHABLE_CODE = YES;
				CLANG_WARN__DUPLICATE_METHOD_MATCH = YES;
				COPY_PHASE_STRIP = NO;
				DEBUG_INFORMATION_FORMAT = "dwarf-with-dsym";
				ENABLE_NS_ASSERTIONS = NO;
				ENABLE_STRICT_OBJC_MSGSEND = YES;
				GCC_C_LANGUAGE_STANDARD = gnu11;
				GCC_NO_COMMON_BLOCKS = YES;
				GCC_WARN_64_TO_32_BIT_CONVERSION = YES;
				GCC_WARN_ABOUT_RETURN_TYPE = YES_ERROR;
				GCC_WARN_UNDECLARED_SELECTOR = YES;
				GCC_WARN_UNINITIALIZED_AUTOS = YES_AGGRESSIVE;
				GCC_WARN_UNUSED_FUNCTION = YES;
				GCC_WARN_UNUSED_VARIABLE = YES;
				IPHONEOS_DEPLOYMENT_TARGET = 16.1;
				MTL_ENABLE_DEBUG_INFO = NO;
				MTL_FAST_MATH = YES;
				SDKROOT = iphoneos;
				SWIFT_COMPILATION_MODE = wholemodule;
				SWIFT_OPTIMIZATION_LEVEL = "-O";
				VALIDATE_PRODUCT = YES;
			};
			name = Release;
		};
		40047AA42AA4D3CC007D0816 /* Debug */ = {
			isa = XCBuildConfiguration;
			buildSettings = {
				ASSETCATALOG_COMPILER_APPICON_NAME = AppIcon;
				ASSETCATALOG_COMPILER_GLOBAL_ACCENT_COLOR_NAME = AccentColor;
				CODE_SIGN_STYLE = Automatic;
				CURRENT_PROJECT_VERSION = 1;
				DEVELOPMENT_ASSET_PATHS = "\"MoneyTrails_SwiftUI/Preview Content\"";
				DEVELOPMENT_TEAM = 2B6A67YKBY;
				ENABLE_PREVIEWS = YES;
				GENERATE_INFOPLIST_FILE = YES;
				INFOPLIST_KEY_UIApplicationSceneManifest_Generation = YES;
				INFOPLIST_KEY_UIApplicationSupportsIndirectInputEvents = YES;
				INFOPLIST_KEY_UILaunchScreen_Generation = YES;
				INFOPLIST_KEY_UISupportedInterfaceOrientations = UIInterfaceOrientationPortrait;
				INFOPLIST_KEY_UISupportedInterfaceOrientations_iPad = "UIInterfaceOrientationLandscapeLeft UIInterfaceOrientationLandscapeRight UIInterfaceOrientationPortrait UIInterfaceOrientationPortraitUpsideDown";
				LD_RUNPATH_SEARCH_PATHS = (
					"$(inherited)",
					"@executable_path/Frameworks",
				);
				MARKETING_VERSION = 1.0;
				PRODUCT_BUNDLE_IDENTIFIER = "com.udara.MoneyTrails-SwiftUI";
				PRODUCT_NAME = "$(TARGET_NAME)";
				SWIFT_EMIT_LOC_STRINGS = YES;
				SWIFT_VERSION = 5.0;
				TARGETED_DEVICE_FAMILY = "1,2";
			};
			name = Debug;
		};
		40047AA52AA4D3CC007D0816 /* Release */ = {
			isa = XCBuildConfiguration;
			buildSettings = {
				ASSETCATALOG_COMPILER_APPICON_NAME = AppIcon;
				ASSETCATALOG_COMPILER_GLOBAL_ACCENT_COLOR_NAME = AccentColor;
				CODE_SIGN_STYLE = Automatic;
				CURRENT_PROJECT_VERSION = 1;
				DEVELOPMENT_ASSET_PATHS = "\"MoneyTrails_SwiftUI/Preview Content\"";
				DEVELOPMENT_TEAM = 2B6A67YKBY;
				ENABLE_PREVIEWS = YES;
				GENERATE_INFOPLIST_FILE = YES;
				INFOPLIST_KEY_UIApplicationSceneManifest_Generation = YES;
				INFOPLIST_KEY_UIApplicationSupportsIndirectInputEvents = YES;
				INFOPLIST_KEY_UILaunchScreen_Generation = YES;
				INFOPLIST_KEY_UISupportedInterfaceOrientations = UIInterfaceOrientationPortrait;
				INFOPLIST_KEY_UISupportedInterfaceOrientations_iPad = "UIInterfaceOrientationLandscapeLeft UIInterfaceOrientationLandscapeRight UIInterfaceOrientationPortrait UIInterfaceOrientationPortraitUpsideDown";
				LD_RUNPATH_SEARCH_PATHS = (
					"$(inherited)",
					"@executable_path/Frameworks",
				);
				MARKETING_VERSION = 1.0;
				PRODUCT_BUNDLE_IDENTIFIER = "com.udara.MoneyTrails-SwiftUI";
				PRODUCT_NAME = "$(TARGET_NAME)";
				SWIFT_EMIT_LOC_STRINGS = YES;
				SWIFT_VERSION = 5.0;
				TARGETED_DEVICE_FAMILY = "1,2";
			};
			name = Release;
		};
/* End XCBuildConfiguration section */

/* Begin XCConfigurationList section */
		40047A902AA4D3CB007D0816 /* Build configuration list for PBXProject "MoneyTrails_SwiftUI" */ = {
			isa = XCConfigurationList;
			buildConfigurations = (
				40047AA12AA4D3CC007D0816 /* Debug */,
				40047AA22AA4D3CC007D0816 /* Release */,
			);
			defaultConfigurationIsVisible = 0;
			defaultConfigurationName = Release;
		};
		40047AA32AA4D3CC007D0816 /* Build configuration list for PBXNativeTarget "MoneyTrails_SwiftUI" */ = {
			isa = XCConfigurationList;
			buildConfigurations = (
				40047AA42AA4D3CC007D0816 /* Debug */,
				40047AA52AA4D3CC007D0816 /* Release */,
			);
			defaultConfigurationIsVisible = 0;
			defaultConfigurationName = Release;
		};
/* End XCConfigurationList section */
	};
	rootObject = 40047A8D2AA4D3CB007D0816 /* Project object */;
}
